
Microsoft Visual Studio Solution File, Format Version 12.00
# 
VisualStudioVersion = 17.5.002.0
MinimumVisualStudioVersion = 
Project("{FAE04EC0-301F-11D3-BF4B-00C04F79EFBC}") = "NewPoint", "NewPoint\NewPoint.csproj", "{07CCA17B-4B54-450E-8DCC-4444605BA8CA}"
EndProject
Project("{FAE04EC0-301F-11D3-BF4B-00C04F79EFBC}") = "DatabaseMigrations", "DatabaseMigrations\DatabaseMigrations.csproj", "{E834A76B-09EB-41EE-BF94-B7CC8802FC9A}"
EndProject
Project("{FAE04EC0-301F-11D3-BF4B-00C04F79EFBC}") = "NewPoint.Common", "NewPoint.Common\NewPoint.Common.csproj", "{0E16DEDB-D730-459F-8B56-D8E6A8107922}"
EndProject
Project("{FAE04EC0-301F-11D3-BF4B-00C04F79EFBC}") = "NewPoint.UserAPI", "NewPoint.UserAPI\NewPoint.UserAPI.csproj", "{F6FBC928-B8C0-49DB-AE8D-87F063FE287B}"
EndProject
Project("{FAE04EC0-301F-11D3-BF4B-00C04F79EFBC}") = "NewPoint.VerificationAPI", "NewPoint.VerificationAPI\NewPoint.VerificationAPI.csproj", "{886EFAE7-A3BB-4BEE-B1C4-E8B42F6532CD}"
EndProject
Project("{FAE04EC0-301F-11D3-BF4B-00C04F79EFBC}") = "NewPoint.PostAPI", "NewPoint.PostAPI\NewPoint.PostAPI.csproj", "{1BFAC653-ED3A-46FB-844E-64A38FE49C3E}"
EndProject
Project("{FAE04EC0-301F-11D3-BF4B-00C04F79EFBC}") = "NewPoint.ArticleAPI", "NewPoint.ArticleAPI\NewPoint.ArticleAPI.csproj", "{C4316F46-A544-4646-83B3-A52FD93371E6}"
EndProject
Project("{FAE04EC0-301F-11D3-BF4B-00C04F79EFBC}") = "NewPoint.ObjectAPI", "NewPoint.ObjectAPI\NewPoint.ObjectAPI.csproj", "{CE0BEED8-B7DE-49C6-BA4C-CE532B4413F7}"
EndProject
Project("{FAE04EC0-301F-11D3-BF4B-00C04F79EFBC}") = "NewPoint.FeedAPI", "NewPoint.FeedAPI\NewPoint.FeedAPI.csproj", "{EC2771AC-77C2-4E1A-BD17-4A953F0B54D8}"
EndProject
Project("{FAE04EC0-301F-11D3-BF4B-00C04F79EFBC}") = "NewPoint.ErrorLocalizationAPI", "NewPoint.ErrorLocalizationAPI\NewPoint.ErrorLocalizationAPI.csproj", "{5810626E-4310-47CD-B6F8-A63CADCC1C0A}"
EndProject
Project("{FAE04EC0-301F-11D3-BF4B-00C04F79EFBC}") = "NewPoint.BookmarkAPI", "NewPoint.BookmarkAPI\NewPoint.BookmarkAPI.csproj", "{7F6489E1-9DC6-4328-81B4-B6B49AD0B944}"
EndProject
Global
	GlobalSection(SolutionConfigurationPlatforms) = preSolution
		Debug|Any CPU = Debug|Any CPU
		Release|Any CPU = Release|Any CPU
	EndGlobalSection
	GlobalSection(ProjectConfigurationPlatforms) = postSolution
		{07CCA17B-4B54-450E-8DCC-4444605BA8CA}.Debug|Any CPU.ActiveCfg = Debug|Any CPU
		{07CCA17B-4B54-450E-8DCC-4444605BA8CA}.Debug|Any CPU.Build.0 = Debug|Any CPU
		{07CCA17B-4B54-450E-8DCC-4444605BA8CA}.Release|Any CPU.ActiveCfg = Release|Any CPU
		{07CCA17B-4B54-450E-8DCC-4444605BA8CA}.Release|Any CPU.Build.0 = Release|Any CPU
		{E834A76B-09EB-41EE-BF94-B7CC8802FC9A}.Debug|Any CPU.ActiveCfg = Debug|Any CPU
		{E834A76B-09EB-41EE-BF94-B7CC8802FC9A}.Debug|Any CPU.Build.0 = Debug|Any CPU
		{E834A76B-09EB-41EE-BF94-B7CC8802FC9A}.Release|Any CPU.ActiveCfg = Release|Any CPU
		{E834A76B-09EB-41EE-BF94-B7CC8802FC9A}.Release|Any CPU.Build.0 = Release|Any CPU
		{0E16DEDB-D730-459F-8B56-D8E6A8107922}.Debug|Any CPU.ActiveCfg = Debug|Any CPU
		{0E16DEDB-D730-459F-8B56-D8E6A8107922}.Debug|Any CPU.Build.0 = Debug|Any CPU
		{0E16DEDB-D730-459F-8B56-D8E6A8107922}.Release|Any CPU.ActiveCfg = Release|Any CPU
		{0E16DEDB-D730-459F-8B56-D8E6A8107922}.Release|Any CPU.Build.0 = Release|Any CPU
		{F6FBC928-B8C0-49DB-AE8D-87F063FE287B}.Debug|Any CPU.ActiveCfg = Debug|Any CPU
		{F6FBC928-B8C0-49DB-AE8D-87F063FE287B}.Debug|Any CPU.Build.0 = Debug|Any CPU
		{F6FBC928-B8C0-49DB-AE8D-87F063FE287B}.Release|Any CPU.ActiveCfg = Release|Any CPU
		{F6FBC928-B8C0-49DB-AE8D-87F063FE287B}.Release|Any CPU.Build.0 = Release|Any CPU
		{886EFAE7-A3BB-4BEE-B1C4-E8B42F6532CD}.Debug|Any CPU.ActiveCfg = Debug|Any CPU
		{886EFAE7-A3BB-4BEE-B1C4-E8B42F6532CD}.Debug|Any CPU.Build.0 = Debug|Any CPU
		{886EFAE7-A3BB-4BEE-B1C4-E8B42F6532CD}.Release|Any CPU.ActiveCfg = Release|Any CPU
		{886EFAE7-A3BB-4BEE-B1C4-E8B42F6532CD}.Release|Any CPU.Build.0 = Release|Any CPU
		{1BFAC653-ED3A-46FB-844E-64A38FE49C3E}.Debug|Any CPU.ActiveCfg = Debug|Any CPU
		{1BFAC653-ED3A-46FB-844E-64A38FE49C3E}.Debug|Any CPU.Build.0 = Debug|Any CPU
		{1BFAC653-ED3A-46FB-844E-64A38FE49C3E}.Release|Any CPU.ActiveCfg = Release|Any CPU
		{1BFAC653-ED3A-46FB-844E-64A38FE49C3E}.Release|Any CPU.Build.0 = Release|Any CPU
		{C4316F46-A544-4646-83B3-A52FD93371E6}.Debug|Any CPU.ActiveCfg = Debug|Any CPU
		{C4316F46-A544-4646-83B3-A52FD93371E6}.Debug|Any CPU.Build.0 = Debug|Any CPU
		{C4316F46-A544-4646-83B3-A52FD93371E6}.Release|Any CPU.ActiveCfg = Release|Any CPU
		{C4316F46-A544-4646-83B3-A52FD93371E6}.Release|Any CPU.Build.0 = Release|Any CPU
		{CE0BEED8-B7DE-49C6-BA4C-CE532B4413F7}.Debug|Any CPU.ActiveCfg = Debug|Any CPU
		{CE0BEED8-B7DE-49C6-BA4C-CE532B4413F7}.Debug|Any CPU.Build.0 = Debug|Any CPU
		{CE0BEED8-B7DE-49C6-BA4C-CE532B4413F7}.Release|Any CPU.ActiveCfg = Release|Any CPU
		{CE0BEED8-B7DE-49C6-BA4C-CE532B4413F7}.Release|Any CPU.Build.0 = Release|Any CPU
		{EC2771AC-77C2-4E1A-BD17-4A953F0B54D8}.Debug|Any CPU.ActiveCfg = Debug|Any CPU
		{EC2771AC-77C2-4E1A-BD17-4A953F0B54D8}.Debug|Any CPU.Build.0 = Debug|Any CPU
		{EC2771AC-77C2-4E1A-BD17-4A953F0B54D8}.Release|Any CPU.ActiveCfg = Release|Any CPU
		{EC2771AC-77C2-4E1A-BD17-4A953F0B54D8}.Release|Any CPU.Build.0 = Release|Any CPU
		{5810626E-4310-47CD-B6F8-A63CADCC1C0A}.Debug|Any CPU.ActiveCfg = Debug|Any CPU
		{5810626E-4310-47CD-B6F8-A63CADCC1C0A}.Debug|Any CPU.Build.0 = Debug|Any CPU
		{5810626E-4310-47CD-B6F8-A63CADCC1C0A}.Release|Any CPU.ActiveCfg = Release|Any CPU
		{5810626E-4310-47CD-B6F8-A63CADCC1C0A}.Release|Any CPU.Build.0 = Release|Any CPU
		{7F6489E1-9DC6-4328-81B4-B6B49AD0B944}.Debug|Any CPU.ActiveCfg = Debug|Any CPU
		{7F6489E1-9DC6-4328-81B4-B6B49AD0B944}.Debug|Any CPU.Build.0 = Debug|Any CPU
		{7F6489E1-9DC6-4328-81B4-B6B49AD0B944}.Release|Any CPU.ActiveCfg = Release|Any CPU
		{7F6489E1-9DC6-4328-81B4-B6B49AD0B944}.Release|Any CPU.Build.0 = Release|Any CPU
	EndGlobalSection
	GlobalSection(SolutionProperties) = preSolution
		HideSolutionNode = FALSE
	EndGlobalSection
EndGlobal
