
Microsoft Visual Studio Solution File, Format Version 12.00
# 
Project("{FAE04EC0-301F-11D3-BF4B-00C04F79EFBC}") = "NewPoint", "NewPoint\NewPoint.csproj", "{07CCA17B-4B54-450E-8DCC-4444605BA8CA}"
EndProject
Project("{FAE04EC0-301F-11D3-BF4B-00C04F79EFBC}") = "DatabaseMigrations", "DatabaseMigrations\DatabaseMigrations.csproj", "{E834A76B-09EB-41EE-BF94-B7CC8802FC9A}"
EndProject
Project("{FAE04EC0-301F-11D3-BF4B-00C04F79EFBC}") = "NewPointStorage", "NewPointStorage\NewPointStorage.csproj", "{53563B2E-7B98-47E5-AC85-F6C8238DC43F}"
EndProject
Global
	GlobalSection(SolutionConfigurationPlatforms) = preSolution
		Debug|Any CPU = Debug|Any CPU
		Release|Any CPU = Release|Any CPU
	EndGlobalSection
	GlobalSection(ProjectConfigurationPlatforms) = postSolution
		{07CCA17B-4B54-450E-8DCC-4444605BA8CA}.Debug|Any CPU.ActiveCfg = Debug|Any CPU
		{07CCA17B-4B54-450E-8DCC-4444605BA8CA}.Debug|Any CPU.Build.0 = Debug|Any CPU
		{07CCA17B-4B54-450E-8DCC-4444605BA8CA}.Release|Any CPU.ActiveCfg = Release|Any CPU
		{07CCA17B-4B54-450E-8DCC-4444605BA8CA}.Release|Any CPU.Build.0 = Release|Any CPU
		{E834A76B-09EB-41EE-BF94-B7CC8802FC9A}.Debug|Any CPU.ActiveCfg = Debug|Any CPU
		{E834A76B-09EB-41EE-BF94-B7CC8802FC9A}.Debug|Any CPU.Build.0 = Debug|Any CPU
		{E834A76B-09EB-41EE-BF94-B7CC8802FC9A}.Release|Any CPU.ActiveCfg = Release|Any CPU
		{E834A76B-09EB-41EE-BF94-B7CC8802FC9A}.Release|Any CPU.Build.0 = Release|Any CPU
		{53563B2E-7B98-47E5-AC85-F6C8238DC43F}.Debug|Any CPU.ActiveCfg = Debug|Any CPU
		{53563B2E-7B98-47E5-AC85-F6C8238DC43F}.Debug|Any CPU.Build.0 = Debug|Any CPU
		{53563B2E-7B98-47E5-AC85-F6C8238DC43F}.Release|Any CPU.ActiveCfg = Release|Any CPU
		{53563B2E-7B98-47E5-AC85-F6C8238DC43F}.Release|Any CPU.Build.0 = Release|Any CPU
	EndGlobalSection
EndGlobal
